
Microsoft Visual Studio Solution File, Format Version 12.00
# Visual Studio Version 16
VisualStudioVersion = 16.0.28803.452
MinimumVisualStudioVersion = 10.0.40219.1
Project("{FAE04EC0-301F-11D3-BF4B-00C04F79EFBC}") = "StateOfWarTrainer", "StateOfWarTrainer.csproj", "{03D5E72C-5615-4222-8AA4-3CFC9643AD1F}"
EndProject
Global
	GlobalSection(SolutionConfigurationPlatforms) = preSolution
		Debug|Any CPU = Debug|Any CPU
		Release|Any CPU = Release|Any CPU
	EndGlobalSection
	GlobalSection(ProjectConfigurationPlatforms) = postSolution
		{03D5E72C-5615-4222-8AA4-3CFC9643AD1F}.Debug|Any CPU.ActiveCfg = Debug|Any CPU
		{03D5E72C-5615-4222-8AA4-3CFC9643AD1F}.Debug|Any CPU.Build.0 = Debug|Any CPU
		{03D5E72C-5615-4222-8AA4-3CFC9643AD1F}.Release|Any CPU.ActiveCfg = Release|Any CPU
		{03D5E72C-5615-4222-8AA4-3CFC9643AD1F}.Release|Any CPU.Build.0 = Release|Any CPU
	EndGlobalSection
	GlobalSection(SolutionProperties) = preSolution
		HideSolutionNode = FALSE
	EndGlobalSection
	GlobalSection(ExtensibilityGlobals) = postSolution
		SolutionGuid = {9B2C5D7A-E001-4CAC-9168-9D8C0B9619B4}
	EndGlobalSection
EndGlobal
